
Microsoft Visual Studio Solution File, Format Version 12.00
# Visual Studio 15
VisualStudioVersion = 15.0.28010.2048
MinimumVisualStudioVersion = 10.0.40219.1
Project("{FAE04EC0-301F-11D3-BF4B-00C04F79EFBC}") = "Verifica_parenteses_pilha", "Verifica_parenteses_pilha\Verifica_parenteses_pilha.csproj", "{1B00C328-3A36-46C3-9DB3-5D5F377212A6}"
EndProject
Global
	GlobalSection(SolutionConfigurationPlatforms) = preSolution
		Debug|Any CPU = Debug|Any CPU
		Release|Any CPU = Release|Any CPU
	EndGlobalSection
	GlobalSection(ProjectConfigurationPlatforms) = postSolution
		{1B00C328-3A36-46C3-9DB3-5D5F377212A6}.Debug|Any CPU.ActiveCfg = Debug|Any CPU
		{1B00C328-3A36-46C3-9DB3-5D5F377212A6}.Debug|Any CPU.Build.0 = Debug|Any CPU
		{1B00C328-3A36-46C3-9DB3-5D5F377212A6}.Release|Any CPU.ActiveCfg = Release|Any CPU
		{1B00C328-3A36-46C3-9DB3-5D5F377212A6}.Release|Any CPU.Build.0 = Release|Any CPU
	EndGlobalSection
	GlobalSection(SolutionProperties) = preSolution
		HideSolutionNode = FALSE
	EndGlobalSection
	GlobalSection(ExtensibilityGlobals) = postSolution
		SolutionGuid = {13EC182A-5CD8-4C16-B286-A895F1542FC9}
	EndGlobalSection
EndGlobal
